
Microsoft Visual Studio Solution File, Format Version 12.00
# Visual Studio 15
VisualStudioVersion = 15.0.28307.329
MinimumVisualStudioVersion = 10.0.40219.1
Project("{FAE04EC0-301F-11D3-BF4B-00C04F79EFBC}") = "LoginAndRegister", "LoginAndRegister\LoginAndRegister.csproj", "{6F7A153C-02D9-4760-97DD-3CE936652DA4}"
EndProject
Global
	GlobalSection(SolutionConfigurationPlatforms) = preSolution
		Debug|Any CPU = Debug|Any CPU
		Release|Any CPU = Release|Any CPU
	EndGlobalSection
	GlobalSection(ProjectConfigurationPlatforms) = postSolution
		{6F7A153C-02D9-4760-97DD-3CE936652DA4}.Debug|Any CPU.ActiveCfg = Debug|Any CPU
		{6F7A153C-02D9-4760-97DD-3CE936652DA4}.Debug|Any CPU.Build.0 = Debug|Any CPU
		{6F7A153C-02D9-4760-97DD-3CE936652DA4}.Release|Any CPU.ActiveCfg = Release|Any CPU
		{6F7A153C-02D9-4760-97DD-3CE936652DA4}.Release|Any CPU.Build.0 = Release|Any CPU
	EndGlobalSection
	GlobalSection(SolutionProperties) = preSolution
		HideSolutionNode = FALSE
	EndGlobalSection
	GlobalSection(ExtensibilityGlobals) = postSolution
		SolutionGuid = {F2C97885-CCA4-4007-8E85-34EC69732D9D}
	EndGlobalSection
EndGlobal
